// !$*UTF8*$!
{
	archiveVersion = 1;
	classes = {
	};
	objectVersion = 46;
	objects = {

/* Begin PBXBuildFile section */
		9346ABAA1C67979C00736374 /* AppDelegate.swift in Sources */ = {isa = PBXBuildFile; fileRef = 9346ABA91C67979C00736374 /* AppDelegate.swift */; };
		9346ABAC1C67979C00736374 /* ViewController.swift in Sources */ = {isa = PBXBuildFile; fileRef = 9346ABAB1C67979C00736374 /* ViewController.swift */; };
		9346ABAF1C67979C00736374 /* Main.storyboard in Resources */ = {isa = PBXBuildFile; fileRef = 9346ABAD1C67979C00736374 /* Main.storyboard */; };
		9346ABB11C67979C00736374 /* Assets.xcassets in Resources */ = {isa = PBXBuildFile; fileRef = 9346ABB01C67979C00736374 /* Assets.xcassets */; };
		9346ABB41C67979C00736374 /* LaunchScreen.storyboard in Resources */ = {isa = PBXBuildFile; fileRef = 9346ABB21C67979C00736374 /* LaunchScreen.storyboard */; };
		9346ABBF1C67979D00736374 /* InfiniteListTests.swift in Sources */ = {isa = PBXBuildFile; fileRef = 9346ABBE1C67979D00736374 /* InfiniteListTests.swift */; };
/* End PBXBuildFile section */

/* Begin PBXContainerItemProxy section */
		9346ABBB1C67979D00736374 /* PBXContainerItemProxy */ = {
			isa = PBXContainerItemProxy;
			containerPortal = 9346AB9E1C67979C00736374 /* Project object */;
			proxyType = 1;
			remoteGlobalIDString = 9346ABA51C67979C00736374;
			remoteInfo = InfiniteList;
		};
/* End PBXContainerItemProxy section */

/* Begin PBXFileReference section */
		9346ABA61C67979C00736374 /* InfiniteList.app */ = {isa = PBXFileReference; explicitFileType = wrapper.application; includeInIndex = 0; path = InfiniteList.app; sourceTree = BUILT_PRODUCTS_DIR; };
		9346ABA91C67979C00736374 /* AppDelegate.swift */ = {isa = PBXFileReference; lastKnownFileType = sourcecode.swift; path = AppDelegate.swift; sourceTree = "<group>"; };
		9346ABAB1C67979C00736374 /* ViewController.swift */ = {isa = PBXFileReference; lastKnownFileType = sourcecode.swift; path = ViewController.swift; sourceTree = "<group>"; };
		9346ABAE1C67979C00736374 /* Base */ = {isa = PBXFileReference; lastKnownFileType = file.storyboard; name = Base; path = Base.lproj/Main.storyboard; sourceTree = "<group>"; };
		9346ABB01C67979C00736374 /* Assets.xcassets */ = {isa = PBXFileReference; lastKnownFileType = folder.assetcatalog; path = Assets.xcassets; sourceTree = "<group>"; };
		9346ABB31C67979C00736374 /* Base */ = {isa = PBXFileReference; lastKnownFileType = file.storyboard; name = Base; path = Base.lproj/LaunchScreen.storyboard; sourceTree = "<group>"; };
		9346ABB51C67979C00736374 /* Info.plist */ = {isa = PBXFileReference; lastKnownFileType = text.plist.xml; path = Info.plist; sourceTree = "<group>"; };
		9346ABBA1C67979D00736374 /* InfiniteListTests.xctest */ = {isa = PBXFileReference; explicitFileType = wrapper.cfbundle; includeInIndex = 0; path = InfiniteListTests.xctest; sourceTree = BUILT_PRODUCTS_DIR; };
		9346ABBE1C67979D00736374 /* InfiniteListTests.swift */ = {isa = PBXFileReference; lastKnownFileType = sourcecode.swift; path = InfiniteListTests.swift; sourceTree = "<group>"; };
		9346ABC01C67979D00736374 /* Info.plist */ = {isa = PBXFileReference; lastKnownFileType = text.plist.xml; path = Info.plist; sourceTree = "<group>"; };
/* End PBXFileReference section */

/* Begin PBXFrameworksBuildPhase section */
		9346ABA31C67979C00736374 /* Frameworks */ = {
			isa = PBXFrameworksBuildPhase;
			buildActionMask = 2147483647;
			files = (
			);
			runOnlyForDeploymentPostprocessing = 0;
		};
		9346ABB71C67979D00736374 /* Frameworks */ = {
			isa = PBXFrameworksBuildPhase;
			buildActionMask = 2147483647;
			files = (
			);
			runOnlyForDeploymentPostprocessing = 0;
		};
/* End PBXFrameworksBuildPhase section */

/* Begin PBXGroup section */
		9346AB9D1C67979C00736374 = {
			isa = PBXGroup;
			children = (
				9346ABA81C67979C00736374 /* InfiniteList */,
				9346ABBD1C67979D00736374 /* InfiniteListTests */,
				9346ABA71C67979C00736374 /* Products */,
			);
			sourceTree = "<group>";
		};
		9346ABA71C67979C00736374 /* Products */ = {
			isa = PBXGroup;
			children = (
				9346ABA61C67979C00736374 /* InfiniteList.app */,
				9346ABBA1C67979D00736374 /* InfiniteListTests.xctest */,
			);
			name = Products;
			sourceTree = "<group>";
		};
		9346ABA81C67979C00736374 /* InfiniteList */ = {
			isa = PBXGroup;
			children = (
				9346ABA91C67979C00736374 /* AppDelegate.swift */,
				9346ABAB1C67979C00736374 /* ViewController.swift */,
				9346ABAD1C67979C00736374 /* Main.storyboard */,
				9346ABB01C67979C00736374 /* Assets.xcassets */,
				9346ABB21C67979C00736374 /* LaunchScreen.storyboard */,
				9346ABB51C67979C00736374 /* Info.plist */,
			);
			path = InfiniteList;
			sourceTree = "<group>";
		};
		9346ABBD1C67979D00736374 /* InfiniteListTests */ = {
			isa = PBXGroup;
			children = (
				9346ABBE1C67979D00736374 /* InfiniteListTests.swift */,
				9346ABC01C67979D00736374 /* Info.plist */,
			);
			path = InfiniteListTests;
			sourceTree = "<group>";
		};
/* End PBXGroup section */

/* Begin PBXNativeTarget section */
		9346ABA51C67979C00736374 /* InfiniteList */ = {
			isa = PBXNativeTarget;
			buildConfigurationList = 9346ABC31C67979D00736374 /* Build configuration list for PBXNativeTarget "InfiniteList" */;
			buildPhases = (
				9346ABA21C67979C00736374 /* Sources */,
				9346ABA31C67979C00736374 /* Frameworks */,
				9346ABA41C67979C00736374 /* Resources */,
			);
			buildRules = (
			);
			dependencies = (
			);
			name = InfiniteList;
			productName = InfiniteList;
			productReference = 9346ABA61C67979C00736374 /* InfiniteList.app */;
			productType = "com.apple.product-type.application";
		};
		9346ABB91C67979D00736374 /* InfiniteListTests */ = {
			isa = PBXNativeTarget;
			buildConfigurationList = 9346ABC61C67979D00736374 /* Build configuration list for PBXNativeTarget "InfiniteListTests" */;
			buildPhases = (
				9346ABB61C67979D00736374 /* Sources */,
				9346ABB71C67979D00736374 /* Frameworks */,
				9346ABB81C67979D00736374 /* Resources */,
			);
			buildRules = (
			);
			dependencies = (
				9346ABBC1C67979D00736374 /* PBXTargetDependency */,
			);
			name = InfiniteListTests;
			productName = InfiniteListTests;
			productReference = 9346ABBA1C67979D00736374 /* InfiniteListTests.xctest */;
			productType = "com.apple.product-type.bundle.unit-test";
		};
/* End PBXNativeTarget section */

/* Begin PBXProject section */
		9346AB9E1C67979C00736374 /* Project object */ = {
			isa = PBXProject;
			attributes = {
				LastSwiftUpdateCheck = 0720;
				LastUpgradeCheck = 0720;
				ORGANIZATIONNAME = "nektar labs";
				TargetAttributes = {
					9346ABA51C67979C00736374 = {
						CreatedOnToolsVersion = 7.2;
					};
					9346ABB91C67979D00736374 = {
						CreatedOnToolsVersion = 7.2;
						TestTargetID = 9346ABA51C67979C00736374;
					};
				};
			};
			buildConfigurationList = 9346ABA11C67979C00736374 /* Build configuration list for PBXProject "InfiniteList" */;
			compatibilityVersion = "Xcode 3.2";
			developmentRegion = English;
			hasScannedForEncodings = 0;
			knownRegions = (
				en,
				Base,
			);
			mainGroup = 9346AB9D1C67979C00736374;
			productRefGroup = 9346ABA71C67979C00736374 /* Products */;
			projectDirPath = "";
			projectRoot = "";
			targets = (
				9346ABA51C67979C00736374 /* InfiniteList */,
				9346ABB91C67979D00736374 /* InfiniteListTests */,
			);
		};
/* End PBXProject section */

/* Begin PBXResourcesBuildPhase section */
		9346ABA41C67979C00736374 /* Resources */ = {
			isa = PBXResourcesBuildPhase;
			buildActionMask = 2147483647;
			files = (
				9346ABB41C67979C00736374 /* LaunchScreen.storyboard in Resources */,
				9346ABB11C67979C00736374 /* Assets.xcassets in Resources */,
				9346ABAF1C67979C00736374 /* Main.storyboard in Resources */,
			);
			runOnlyForDeploymentPostprocessing = 0;
		};
		9346ABB81C67979D00736374 /* Resources */ = {
			isa = PBXResourcesBuildPhase;
			buildActionMask = 2147483647;
			files = (
			);
			runOnlyForDeploymentPostprocessing = 0;
		};
/* End PBXResourcesBuildPhase section */

/* Begin PBXSourcesBuildPhase section */
		9346ABA21C67979C00736374 /* Sources */ = {
			isa = PBXSourcesBuildPhase;
			buildActionMask = 2147483647;
			files = (
				9346ABAC1C67979C00736374 /* ViewController.swift in Sources */,
				9346ABAA1C67979C00736374 /* AppDelegate.swift in Sources */,
			);
			runOnlyForDeploymentPostprocessing = 0;
		};
		9346ABB61C67979D00736374 /* Sources */ = {
			isa = PBXSourcesBuildPhase;
			buildActionMask = 2147483647;
			files = (
				9346ABBF1C67979D00736374 /* InfiniteListTests.swift in Sources */,
			);
			runOnlyForDeploymentPostprocessing = 0;
		};
/* End PBXSourcesBuildPhase section */

/* Begin PBXTargetDependency section */
		9346ABBC1C67979D00736374 /* PBXTargetDependency */ = {
			isa = PBXTargetDependency;
			target = 9346ABA51C67979C00736374 /* InfiniteList */;
			targetProxy = 9346ABBB1C67979D00736374 /* PBXContainerItemProxy */;
		};
/* End PBXTargetDependency section */

/* Begin PBXVariantGroup section */
		9346ABAD1C67979C00736374 /* Main.storyboard */ = {
			isa = PBXVariantGroup;
			children = (
				9346ABAE1C67979C00736374 /* Base */,
			);
			name = Main.storyboard;
			sourceTree = "<group>";
		};
		9346ABB21C67979C00736374 /* LaunchScreen.storyboard */ = {
			isa = PBXVariantGroup;
			children = (
				9346ABB31C67979C00736374 /* Base */,
			);
			name = LaunchScreen.storyboard;
			sourceTree = "<group>";
		};
/* End PBXVariantGroup section */

/* Begin XCBuildConfiguration section */
		9346ABC11C67979D00736374 /* Debug */ = {
			isa = XCBuildConfiguration;
			buildSettings = {
				ALWAYS_SEARCH_USER_PATHS = NO;
				CLANG_CXX_LANGUAGE_STANDARD = "gnu++0x";
				CLANG_CXX_LIBRARY = "libc++";
				CLANG_ENABLE_MODULES = YES;
				CLANG_ENABLE_OBJC_ARC = YES;
				CLANG_WARN_BOOL_CONVERSION = YES;
				CLANG_WARN_CONSTANT_CONVERSION = YES;
				CLANG_WARN_DIRECT_OBJC_ISA_USAGE = YES_ERROR;
				CLANG_WARN_EMPTY_BODY = YES;
				CLANG_WARN_ENUM_CONVERSION = YES;
				CLANG_WARN_INT_CONVERSION = YES;
				CLANG_WARN_OBJC_ROOT_CLASS = YES_ERROR;
				CLANG_WARN_UNREACHABLE_CODE = YES;
				CLANG_WARN__DUPLICATE_METHOD_MATCH = YES;
				"CODE_SIGN_IDENTITY[sdk=iphoneos*]" = "iPhone Developer";
				COPY_PHASE_STRIP = NO;
				DEBUG_INFORMATION_FORMAT = dwarf;
				ENABLE_STRICT_OBJC_MSGSEND = YES;
				ENABLE_TESTABILITY = YES;
				GCC_C_LANGUAGE_STANDARD = gnu99;
				GCC_DYNAMIC_NO_PIC = NO;
				GCC_NO_COMMON_BLOCKS = YES;
				GCC_OPTIMIZATION_LEVEL = 0;
				GCC_PREPROCESSOR_DEFINITIONS = (
					"DEBUG=1",
					"$(inherited)",
				);
				GCC_WARN_64_TO_32_BIT_CONVERSION = YES;
				GCC_WARN_ABOUT_RETURN_TYPE = YES_ERROR;
				GCC_WARN_UNDECLARED_SELECTOR = YES;
				GCC_WARN_UNINITIALIZED_AUTOS = YES_AGGRESSIVE;
				GCC_WARN_UNUSED_FUNCTION = YES;
				GCC_WARN_UNUSED_VARIABLE = YES;
				IPHONEOS_DEPLOYMENT_TARGET = 9.2;
				MTL_ENABLE_DEBUG_INFO = YES;
				ONLY_ACTIVE_ARCH = YES;
				SDKROOT = iphoneos;
				SWIFT_OPTIMIZATION_LEVEL = "-Onone";
			};
			name = Debug;
		};
		9346ABC21C67979D00736374 /* Release */ = {
			isa = XCBuildConfiguration;
			buildSettings = {
				ALWAYS_SEARCH_USER_PATHS = NO;
				CLANG_CXX_LANGUAGE_STANDARD = "gnu++0x";
				CLANG_CXX_LIBRARY = "libc++";
				CLANG_ENABLE_MODULES = YES;
				CLANG_ENABLE_OBJC_ARC = YES;
				CLANG_WARN_BOOL_CONVERSION = YES;
				CLANG_WARN_CONSTANT_CONVERSION = YES;
				CLANG_WARN_DIRECT_OBJC_ISA_USAGE = YES_ERROR;
				CLANG_WARN_EMPTY_BODY = YES;
				CLANG_WARN_ENUM_CONVERSION = YES;
				CLANG_WARN_INT_CONVERSION = YES;
				CLANG_WARN_OBJC_ROOT_CLASS = YES_ERROR;
				CLANG_WARN_UNREACHABLE_CODE = YES;
				CLANG_WARN__DUPLICATE_METHOD_MATCH = YES;
				"CODE_SIGN_IDENTITY[sdk=iphoneos*]" = "iPhone Developer";
				COPY_PHASE_STRIP = NO;
				DEBUG_INFORMATION_FORMAT = "dwarf-with-dsym";
				ENABLE_NS_ASSERTIONS = NO;
				ENABLE_STRICT_OBJC_MSGSEND = YES;
				GCC_C_LANGUAGE_STANDARD = gnu99;
				GCC_NO_COMMON_BLOCKS = YES;
				GCC_WARN_64_TO_32_BIT_CONVERSION = YES;
				GCC_WARN_ABOUT_RETURN_TYPE = YES_ERROR;
				GCC_WARN_UNDECLARED_SELECTOR = YES;
				GCC_WARN_UNINITIALIZED_AUTOS = YES_AGGRESSIVE;
				GCC_WARN_UNUSED_FUNCTION = YES;
				GCC_WARN_UNUSED_VARIABLE = YES;
				IPHONEOS_DEPLOYMENT_TARGET = 9.2;
				MTL_ENABLE_DEBUG_INFO = NO;
				SDKROOT = iphoneos;
				VALIDATE_PRODUCT = YES;
			};
			name = Release;
		};
		9346ABC41C67979D00736374 /* Debug */ = {
			isa = XCBuildConfiguration;
			buildSettings = {
				ASSETCATALOG_COMPILER_APPICON_NAME = AppIcon;
				INFOPLIST_FILE = InfiniteList/Info.plist;
				LD_RUNPATH_SEARCH_PATHS = "$(inherited) @executable_path/Frameworks";
				PRODUCT_BUNDLE_IDENTIFIER = nektarlabs.InfiniteList;
				PRODUCT_NAME = "$(TARGET_NAME)";
			};
			name = Debug;
		};
		9346ABC51C67979D00736374 /* Release */ = {
			isa = XCBuildConfiguration;
			buildSettings = {
				ASSETCATALOG_COMPILER_APPICON_NAME = AppIcon;
				INFOPLIST_FILE = InfiniteList/Info.plist;
				LD_RUNPATH_SEARCH_PATHS = "$(inherited) @executable_path/Frameworks";
				PRODUCT_BUNDLE_IDENTIFIER = nektarlabs.InfiniteList;
				PRODUCT_NAME = "$(TARGET_NAME)";
			};
			name = Release;
		};
		9346ABC71C67979D00736374 /* Debug */ = {
			isa = XCBuildConfiguration;
			buildSettings = {
				BUNDLE_LOADER = "$(TEST_HOST)";
				INFOPLIST_FILE = InfiniteListTests/Info.plist;
				LD_RUNPATH_SEARCH_PATHS = "$(inherited) @executable_path/Frameworks @loader_path/Frameworks";
				PRODUCT_BUNDLE_IDENTIFIER = nektarlabs.InfiniteListTests;
				PRODUCT_NAME = "$(TARGET_NAME)";
				TEST_HOST = "$(BUILT_PRODUCTS_DIR)/InfiniteList.app/InfiniteList";
			};
			name = Debug;
		};
		9346ABC81C67979D00736374 /* Release */ = {
			isa = XCBuildConfiguration;
			buildSettings = {
				BUNDLE_LOADER = "$(TEST_HOST)";
				INFOPLIST_FILE = InfiniteListTests/Info.plist;
				LD_RUNPATH_SEARCH_PATHS = "$(inherited) @executable_path/Frameworks @loader_path/Frameworks";
				PRODUCT_BUNDLE_IDENTIFIER = nektarlabs.InfiniteListTests;
				PRODUCT_NAME = "$(TARGET_NAME)";
				TEST_HOST = "$(BUILT_PRODUCTS_DIR)/InfiniteList.app/InfiniteList";
			};
			name = Release;
		};
/* End XCBuildConfiguration section */

/* Begin XCConfigurationList section */
		9346ABA11C67979C00736374 /* Build configuration list for PBXProject "InfiniteList" */ = {
			isa = XCConfigurationList;
			buildConfigurations = (
				9346ABC11C67979D00736374 /* Debug */,
				9346ABC21C67979D00736374 /* Release */,
			);
			defaultConfigurationIsVisible = 0;
			defaultConfigurationName = Release;
		};
		9346ABC31C67979D00736374 /* Build configuration list for PBXNativeTarget "InfiniteList" */ = {
			isa = XCConfigurationList;
			buildConfigurations = (
				9346ABC41C67979D00736374 /* Debug */,
				9346ABC51C67979D00736374 /* Release */,
			);
			defaultConfigurationIsVisible = 0;
		};
		9346ABC61C67979D00736374 /* Build configuration list for PBXNativeTarget "InfiniteListTests" */ = {
			isa = XCConfigurationList;
			buildConfigurations = (
				9346ABC71C67979D00736374 /* Debug */,
				9346ABC81C67979D00736374 /* Release */,
			);
			defaultConfigurationIsVisible = 0;
		};
/* End XCConfigurationList section */
	};
	rootObject = 9346AB9E1C67979C00736374 /* Project object */;
}
